
Microsoft Visual Studio Solution File, Format Version 12.00
# Visual Studio 2012
Project("{FAE04EC0-301F-11D3-BF4B-00C04F79EFBC}") = "ECLib CSharp", "ECLib CSharp\ECLib CSharp.csproj", "{D725F4A2-DD32-4336-BCAC-3C45ABEB0D85}"
EndProject
Global
	GlobalSection(SolutionConfigurationPlatforms) = preSolution
		Debug|Any CPU = Debug|Any CPU
		Release|Any CPU = Release|Any CPU
	EndGlobalSection
	GlobalSection(ProjectConfigurationPlatforms) = postSolution
		{D725F4A2-DD32-4336-BCAC-3C45ABEB0D85}.Debug|Any CPU.ActiveCfg = Debug|Any CPU
		{D725F4A2-DD32-4336-BCAC-3C45ABEB0D85}.Debug|Any CPU.Build.0 = Debug|Any CPU
		{D725F4A2-DD32-4336-BCAC-3C45ABEB0D85}.Release|Any CPU.ActiveCfg = Release|Any CPU
		{D725F4A2-DD32-4336-BCAC-3C45ABEB0D85}.Release|Any CPU.Build.0 = Release|Any CPU
	EndGlobalSection
	GlobalSection(SolutionProperties) = preSolution
		HideSolutionNode = FALSE
	EndGlobalSection
EndGlobal
